{
    "_meta": {
        "hash": {
            "sha256": "890172fec38ba259e727be3725952d1d2a786b212353dfc3848848390e9117f9"
        },
        "pipfile-spec": 6,
        "requires": {
            "python_version": "3.7"
        },
        "sources": [
            {
                "name": "pypi",
                "url": "https://pypi.org/simple",
                "verify_ssl": true
            }
        ]
    },
    "default": {
        "attrs": {
            "hashes": [
                "sha256:69c0dbf2ed392de1cb5ec704444b08a5ef81680a61cb899dc08127123af36a79",
                "sha256:f0b870f674851ecbfbbbd364d6b5cbdff9dcedbc7f3f5e18a6891057f21fe399"
            ],
            "version": "==19.1.0"
        },
        "click": {
            "hashes": [
                "sha256:2335065e6395b9e67ca716de5f7526736bfa6ceead690adf616d925bdc622b13",
                "sha256:5b94b49521f6456670fdb30cd82a4eca9412788a93fa6dd6df72c94d5a8ff2d7"
            ],
            "version": "==7.0"
        },
        "click-plugins": {
            "hashes": [
                "sha256:46ab999744a9d831159c3411bb0c79346d94a444df9a3a3742e9ed63645f264b",
                "sha256:5d262006d3222f5057fd81e1623d4443e41dcda5dc815c06b442aa3c02889fc8"
            ],
            "version": "==1.1.1"
        },
        "cligj": {
            "hashes": [
                "sha256:20f24ce9abfde3f758aec3399e6811b936b6772f360846c662c19bf5537b4f14",
                "sha256:60c93dda4499562eb87509a8ff3535a7441053b766c9c26bcf874a732f939c7c",
                "sha256:6c7d52d529a78712491974f975c33473f430c0f7beb18c0d7a402a743dcb460a"
            ],
            "version": "==0.5.0"
        },
        "fastapi": {
            "hashes": [
                "sha256:273d099b7a8dd7cb1de166ea38216528406fbe042fb604d0025c00810e5ea858",
                "sha256:35c85f39f235da652f24eeb9378a90d479ed087fa9ae5798bac9dce2257b6115"
            ],
            "index": "pypi",
            "version": "==0.38.1"
        },
        "fiona": {
            "hashes": [
                "sha256:035414ebae4d2a55f61bda0bc55467c223504aad1826152122c8eafc4ba87819",
                "sha256:2bc68b11580352a10a92da734dc09bd12348e45188d94416788681430ff0f02a",
                "sha256:40e5a59029fb6b51824e7d2ab7b4d7de5f84c5c43ab189ec930e7aa7b7f6e278",
                "sha256:659b0d66149ddcd324754495f8f4c6d5aefa92eebeb31fd82622b1c12b0d4443",
                "sha256:711c3be73203b37812992089445a1e4e9d3d6b64e667389f7b15406e15a91e83",
                "sha256:82760cfeffabd443eb7ada2a2c64d9a6eab3e14e7c25b1ff90186ba80a3ca625",
                "sha256:8431aa3d790c5b509c4532ddb9a783df34d02a4e7b3175e5e75d058c09f81a90",
                "sha256:8e8ce2f233b90d4faf03ed12c9826ab0193992c49685a0b9cf381e9fbfca8fa5",
                "sha256:bbc6ba0ec3f6fc208b3f50df14374d5796258cfc30436fe3de312ed62d8f6223"
            ],
            "version": "==1.8.8"
        },
        "geographiclib": {
            "hashes": [
                "sha256:12bd46ee7ec25b291ea139b17aa991e7ef373e21abd053949b75c0e9ca55c632",
                "sha256:51cfa698e7183792bce27d8fb63ac8e83689cd8170a730bf35e1a5c5bf8849b9"
            ],
            "version": "==1.50"
        },
        "geopandas": {
            "hashes": [
                "sha256:3e98a2d21917562256ac01e2f1d568b7410f0476793fb70d4191777de6322b04",
                "sha256:b9a7e3ad3afe59396a3fcb1cf8d2004f4302aab0ccd7ffbe4648a0a03a506a83"
            ],
            "index": "pypi",
            "version": "==0.6.0"
        },
        "geopy": {
            "hashes": [
                "sha256:6239cbf4d8e8a10460c10cf2ae1949c9e9d011e9f25c4e49202734455cc5e884",
                "sha256:9419bc90ee6231590c4ae7acf1cf126cefbd0736942da7a6a1436946e80830e2"
            ],
            "index": "pypi",
            "version": "==1.20.0"
        },
        "h11": {
            "hashes": [
                "sha256:acca6a44cb52a32ab442b1779adf0875c443c689e9e028f8d831a3769f9c5208",
                "sha256:f2b1ca39bfed357d1f19ac732913d5f9faa54a5062eca7d2ec3a916cfb7ae4c7"
            ],
            "version": "==0.8.1"
        },
        "httptools": {
            "hashes": [
                "sha256:e00cbd7ba01ff748e494248183abc6e153f49181169d8a3d41bb49132ca01dfc"
            ],
            "markers": "sys_platform != 'win32' and sys_platform != 'cygwin' and platform_python_implementation != 'pypy'",
            "version": "==0.0.13"
        },
        "munch": {
            "hashes": [
                "sha256:36065d7ff2d517e30f1f198cccd6aaa25a5ebf772f17cbe4d253065d15966b66",
                "sha256:6ae3d26b837feacf732fb8aa5b842130da1daf221f5af9f9d4b2a0a6414b0d51"
            ],
            "version": "==2.3.2"
        },
        "numpy": {
            "hashes": [
                "sha256:05dbfe72684cc14b92568de1bc1f41e5f62b00f714afc9adee42f6311738091f",
                "sha256:0d82cb7271a577529d07bbb05cb58675f2deb09772175fab96dc8de025d8ac05",
                "sha256:10132aa1fef99adc85a905d82e8497a580f83739837d7cbd234649f2e9b9dc58",
                "sha256:12322df2e21f033a60c80319c25011194cd2a21294cc66fee0908aeae2c27832",
                "sha256:16f19b3aa775dddc9814e02a46b8e6ae6a54ed8cf143962b4e53f0471dbd7b16",
                "sha256:3d0b0989dd2d066db006158de7220802899a1e5c8cf622abe2d0bd158fd01c2c",
                "sha256:438a3f0e7b681642898fd7993d38e2bf140a2d1eafaf3e89bb626db7f50db355",
                "sha256:5fd214f482ab53f2cea57414c5fb3e58895b17df6e6f5bca5be6a0bb6aea23bb",
                "sha256:73615d3edc84dd7c4aeb212fa3748fb83217e00d201875a47327f55363cef2df",
                "sha256:7bd355ad7496f4ce1d235e9814ec81ee3d28308d591c067ce92e49f745ba2c2f",
                "sha256:7d077f2976b8f3de08a0dcf5d72083f4af5411e8fddacd662aae27baa2601196",
                "sha256:a4092682778dc48093e8bda8d26ee8360153e2047826f95a3f5eae09f0ae3abf",
                "sha256:b458de8624c9f6034af492372eb2fee41a8e605f03f4732f43fc099e227858b2",
                "sha256:e70fc8ff03a961f13363c2c95ef8285e0cf6a720f8271836f852cc0fa64e97c8",
                "sha256:ee8e9d7cad5fe6dde50ede0d2e978d81eafeaa6233fb0b8719f60214cf226578",
                "sha256:f4a4f6aba148858a5a5d546a99280f71f5ee6ec8182a7d195af1a914195b21a2"
            ],
            "index": "pypi",
            "version": "==1.17.2"
        },
        "overpy": {
            "hashes": [
                "sha256:6e5bfcd9368f0c33a5d7615b18dbcac18444157f447639287c6743aa2de8964d"
            ],
            "index": "pypi",
            "version": "==0.4"
        },
        "pandas": {
            "hashes": [
                "sha256:18d91a9199d1dfaa01ad645f7540370ba630bdcef09daaf9edf45b4b1bca0232",
                "sha256:3f26e5da310a0c0b83ea50da1fd397de2640b02b424aa69be7e0784228f656c9",
                "sha256:4182e32f4456d2c64619e97c58571fa5ca0993d1e8c2d9ca44916185e1726e15",
                "sha256:426e590e2eb0e60f765271d668a30cf38b582eaae5ec9b31229c8c3c10c5bc21",
                "sha256:5eb934a8f0dc358f0e0cdf314072286bbac74e4c124b64371395e94644d5d919",
                "sha256:717928808043d3ea55b9bcde636d4a52d2236c246f6df464163a66ff59980ad8",
                "sha256:8145f97c5ed71827a6ec98ceaef35afed1377e2d19c4078f324d209ff253ecb5",
                "sha256:8744c84c914dcc59cbbb2943b32b7664df1039d99e834e1034a3372acb89ea4d",
                "sha256:c1ac1d9590d0c9314ebf01591bd40d4c03d710bfc84a3889e5263c97d7891dee",
                "sha256:cb2e197b7b0687becb026b84d3c242482f20cbb29a9981e43604eb67576da9f6",
                "sha256:d4001b71ad2c9b84ff18b182cea22b7b6cbf624216da3ea06fb7af28d1f93165",
                "sha256:d8930772adccb2882989ab1493fa74bd87d47c8ac7417f5dd3dd834ba8c24dc9",
                "sha256:dfbb0173ee2399bc4ed3caf2d236e5c0092f948aafd0a15fbe4a0e77ee61a958",
                "sha256:eebfbba048f4fa8ac711b22c78516e16ff8117d05a580e7eeef6b0c2be554c18",
                "sha256:f1b21bc5cf3dbea53d33615d1ead892dfdae9d7052fa8898083bec88be20dcd2"
            ],
            "index": "pypi",
            "version": "==0.25.1"
        },
        "pydantic": {
            "hashes": [
                "sha256:18598557f0d9ab46173045910ed50458c4fb4d16153c23346b504d7a5b679f77",
                "sha256:6a9335c968e13295430a208487e74d69fef40168b72dea8d975765d14e2da660",
                "sha256:6f5eb88fe4c21380aa064b7d249763fc6306f0b001d7e7d52d80866d1afc9ed3",
                "sha256:bc6c6a78647d7a65a493e1107572d993f26a652c49183201e3c7d23924bf7311",
                "sha256:e1a63b4e6bf8820833cb6fa239ffbe8eec57ccdd7d66359eff20e68a83c1deeb",
                "sha256:ede2d65ae33788d4e26e12b330b4a32c53cb14131c65bca3a59f037c73f6ee7a"
            ],
            "version": "==0.32.2"
        },
        "pyproj": {
            "hashes": [
                "sha256:0f3b3280ae59c74212841c38d1df055537b4e83cbfcda4072ba6b0eeefd0b98a",
                "sha256:36ad4ff82f38cdc7738da81289ec4309263ad40f3d62cb75eeef22bb70178698",
                "sha256:4a26485f09052722deaa1ddc6b3133d41bd982be5b0e64e296626e71b94ee5e6",
                "sha256:4b41db92d689119b57ff6fcc3ae5a75072c86a7078cb0c25434b3ab4b79ad624",
                "sha256:5d1f4f2645abd05128d29bd71eb378ff0fedb9f96147356e68b87a628863bf92",
                "sha256:7c05ca74d7a3c822afd933e2efb5c599475c1cb22919500cb7df8ecb1c24d04e",
                "sha256:8124fe43d81a7caca43df6930110e2bfd2bd3b82b86587eefd6f6d86a81a658e",
                "sha256:8e2a8fab431bc6d16a417792198813fe6b8c53aafb51f54e1e6a52cdb377b576",
                "sha256:9121e2ae3eb13d32cf2c49e456e052fe88cab200cfc07e3162cdb276427040fa",
                "sha256:a8462505b4fa7e7e73ac5e69f1aa3d4a31b25e93dac80a41a2ff35d996c3f173",
                "sha256:c22c52ea26d318d808bdde23e2b57b85c292747971ff79d0ea578b578ff791d6",
                "sha256:d25638d48af3df03c6d3c713495d62d0b9a135032b0dddafbb7f0004d052b1f5",
                "sha256:d851dd9245f60871306a49af92523a8ea8d8a60f3e522bbd8b9cd512d8b825ec",
                "sha256:e27a5bec46c706a343db9b218bf13abd53f1e066668b194bd48511c1773f6c1c",
                "sha256:fb151507b8793acc8c622164e3cc57d0c51f3d4790dabba1daf141a780bad68a"
            ],
            "version": "==2.4.0"
        },
        "python-dateutil": {
            "hashes": [
                "sha256:7e6584c74aeed623791615e26efd690f29817a27c73085b78e4bad02493df2fb",
                "sha256:c89805f6f4d64db21ed966fda138f8a5ed7a4fdbc1a8ee329ce1b74e3c74da9e"
            ],
            "version": "==2.8.0"
        },
        "pytz": {
            "hashes": [
                "sha256:26c0b32e437e54a18161324a2fca3c4b9846b74a8dccddd843113109e1116b32",
                "sha256:c894d57500a4cd2d5c71114aaab77dbab5eabd9022308ce5ac9bb93a60a6f0c7"
            ],
            "version": "==2019.2"
        },
        "shapely": {
            "hashes": [
                "sha256:0378964902f89b8dbc332e5bdfa08e0bc2f7ab39fecaeb17fbb2a7699a44fe71",
                "sha256:34e7c6f41fb27906ccdf2514ee44a5774b90b39a256b6511a6a57d11ffe64999",
                "sha256:3ca69d4b12e2b05b549465822744b6a3a1095d8488cc27b2728a06d3c07d0eee",
                "sha256:3e9388f29bd81fcd4fa5c35125e1fbd4975ee36971a87a90c093f032d0e9de24",
                "sha256:3ef28e3f20a1c37f5b99ea8cf8dcb58e2f1a8762d65ed2d21fd92bf1d4811182",
                "sha256:523c94403047eb6cacd7fc1863ebef06e26c04d8a4e7f8f182d49cd206fe787e",
                "sha256:5d22a1a705c2f70f61ccadc696e33d922c1a92e00df8e1d58a6ade14dd7e3b4f",
                "sha256:714b6680215554731389a1bbdae4cec61741aa4726921fa2b2b96a6f578a2534",
                "sha256:7dfe1528650c3f0dc82f41a74cf4f72018288db9bfb75dcd08f6f04233ec7e78",
                "sha256:ba58b21b9cf3c33725f7f530febff9ed6a6846f9d0bf8a120fc74683ff919f89",
                "sha256:c4b87bb61fc3de59fc1f85e71a79b0c709dc68364d9584473697aad4aa13240f",
                "sha256:ebb4d2bee7fac3f6c891fcdafaa17f72ab9c6480f6d00de0b2dc9a5137dfe342"
            ],
            "index": "pypi",
            "version": "==1.6.4.post2"
        },
        "six": {
            "hashes": [
                "sha256:3350809f0555b11f552448330d0b52d5f24c91a322ea4a15ef22629740f3761c",
                "sha256:d16a0141ec1a18405cd4ce8b4613101da75da0e9a7aec5bdd4fa804d0e0eba73"
            ],
            "version": "==1.12.0"
        },
        "starlette": {
            "hashes": [
                "sha256:f600bf9d0beeeeebcb143e6d0c4f8858c2b05067d5a4feb446ba7400ba5e5dc5"
            ],
            "version": "==0.12.8"
        },
        "uvicorn": {
            "hashes": [
                "sha256:639cdeb92cdb0205494ca36be03d08e05d57249491751feb5fc74b023a0d18f3"
            ],
            "index": "pypi",
            "version": "==0.9.0"
        },
        "uvloop": {
            "hashes": [
                "sha256:0deb6c97c5807c792dd9024bab90e6ca49e981862103cb2ea37b430c1ca0a267",
                "sha256:155b34d513655e753d07f499a7e811970e2d397f240dfcbec0b32a9587159c99",
                "sha256:1df3ddfa280206e9999ae1c777a20836eb895bcec6dc9fae2cbb6eecfafb099e",
                "sha256:5b19361c8767e1dc61f6367f948d4f3dc5504b9f2eba488641b3d26ec14498ba",
                "sha256:942cd07035510b149d6160796f4e972137130ae953871b6a98c2cf5d5ab68c2e",
                "sha256:c63b6c0bf33144c604dd72f7eecf2d3a3ac7405c503c67bd98128cf306efe18a",
                "sha256:e698a20a3b4ccb380d207f9d491d4085d7c38d364f6a0bae98684a1612a9607a"
            ],
            "markers": "sys_platform != 'win32' and sys_platform != 'cygwin' and platform_python_implementation != 'pypy'",
            "version": "==0.13.0"
        },
        "websockets": {
            "hashes": [
                "sha256:049e694abe33f8a1d99969fee7bfc0ae6761f7fd5f297c58ea933b27dd6805f2",
                "sha256:73ce69217e4655783ec72ce11c151053fcbd5b837cc39de7999e19605182e28a",
                "sha256:83e63aa73331b9ca21af61df8f115fb5fbcba3f281bee650a4ad16a40cd1ef15",
                "sha256:882a7266fa867a2ebb2c0baaa0f9159cabf131cf18c1b4270d79ad42f9208dc5",
                "sha256:8c77f7d182a6ea2a9d09c2612059f3ad859a90243e899617137ee3f6b7f2b584",
                "sha256:8d7a20a2f97f1e98c765651d9fb9437201a9ccc2c70e94b0270f1c5ef29667a3",
                "sha256:a7affaeffbc5d55681934c16bb6b8fc82bb75b175e7fd4dcca798c938bde8dda",
                "sha256:c82e286555f839846ef4f0fdd6910769a577952e1e26aa8ee7a6f45f040e3c2b",
                "sha256:e906128532a14b9d264a43eb48f9b3080d53a9bda819ab45bf56b8039dc606ac",
                "sha256:e9102043a81cdc8b7c8032ff4bce39f6229e4ac39cb2010946c912eeb84e2cb6",
                "sha256:f5cb2683367e32da6a256b60929a3af9c29c212b5091cf5bace9358d03011bf5"
            ],
            "version": "==8.0.2"
        }
    },
    "develop": {}
}
